
Microsoft Visual Studio Solution File, Format Version 12.00
# Visual Studio Version 17
VisualStudioVersion = 17.8.34316.72
MinimumVisualStudioVersion = 10.0.40219.1
Project("{FAE04EC0-301F-11D3-BF4B-00C04F79EFBC}") = "WebApplicationFactoryAPI", "WebApplicationFactoryTest\WebApplicationFactoryAPI.csproj", "{88247FBA-1C5A-4A83-A862-DA5C5586F035}"
EndProject
Project("{FAE04EC0-301F-11D3-BF4B-00C04F79EFBC}") = "TestProject1AppFactory", "TestProject1AppFactory\TestProject1AppFactory.csproj", "{2E2EDEBA-F4B1-402D-87A0-35788C2B805A}"
EndProject
Global
	GlobalSection(SolutionConfigurationPlatforms) = preSolution
		Debug|Any CPU = Debug|Any CPU
		Release|Any CPU = Release|Any CPU
	EndGlobalSection
	GlobalSection(ProjectConfigurationPlatforms) = postSolution
		{88247FBA-1C5A-4A83-A862-DA5C5586F035}.Debug|Any CPU.ActiveCfg = Debug|Any CPU
		{88247FBA-1C5A-4A83-A862-DA5C5586F035}.Debug|Any CPU.Build.0 = Debug|Any CPU
		{88247FBA-1C5A-4A83-A862-DA5C5586F035}.Release|Any CPU.ActiveCfg = Release|Any CPU
		{88247FBA-1C5A-4A83-A862-DA5C5586F035}.Release|Any CPU.Build.0 = Release|Any CPU
		{2E2EDEBA-F4B1-402D-87A0-35788C2B805A}.Debug|Any CPU.ActiveCfg = Debug|Any CPU
		{2E2EDEBA-F4B1-402D-87A0-35788C2B805A}.Debug|Any CPU.Build.0 = Debug|Any CPU
		{2E2EDEBA-F4B1-402D-87A0-35788C2B805A}.Release|Any CPU.ActiveCfg = Release|Any CPU
		{2E2EDEBA-F4B1-402D-87A0-35788C2B805A}.Release|Any CPU.Build.0 = Release|Any CPU
	EndGlobalSection
	GlobalSection(SolutionProperties) = preSolution
		HideSolutionNode = FALSE
	EndGlobalSection
	GlobalSection(ExtensibilityGlobals) = postSolution
		SolutionGuid = {B28FBEE9-F31D-4EAD-A56E-727D16D48F42}
	EndGlobalSection
EndGlobal
